// !$*UTF8*$!
{
	archiveVersion = 1;
	classes = {
	};
	objectVersion = 56;
	objects = {

/* Begin PBXBuildFile section */
		08415CCC2B321B4100764CD6 /* Sidebar.swift in Sources */ = {isa = PBXBuildFile; fileRef = 08415CCB2B321B4100764CD6 /* Sidebar.swift */; };
		08415CD02B321C9800764CD6 /* CGFloat + LayoutSize.swift in Sources */ = {isa = PBXBuildFile; fileRef = 08415CCF2B321C9800764CD6 /* CGFloat + LayoutSize.swift */; };
		08415CD42B32225600764CD6 /* SidebarItem.swift in Sources */ = {isa = PBXBuildFile; fileRef = 08415CD32B32225600764CD6 /* SidebarItem.swift */; };
		08415CD72B32267F00764CD6 /* View + Border.swift in Sources */ = {isa = PBXBuildFile; fileRef = 08415CD62B32267F00764CD6 /* View + Border.swift */; };
		08415CDC2B3C901B00764CD6 /* HomeView.swift in Sources */ = {isa = PBXBuildFile; fileRef = 08415CDB2B3C901B00764CD6 /* HomeView.swift */; };
		08415CE22B3C973F00764CD6 /* SidebarSection.swift in Sources */ = {isa = PBXBuildFile; fileRef = 08415CE12B3C973F00764CD6 /* SidebarSection.swift */; };
		08415CE62B3CC07000764CD6 /* SearchView.swift in Sources */ = {isa = PBXBuildFile; fileRef = 08415CE52B3CC07000764CD6 /* SearchView.swift */; };
		08415CEA2B3CC09900764CD6 /* LibraryView.swift in Sources */ = {isa = PBXBuildFile; fileRef = 08415CE92B3CC09900764CD6 /* LibraryView.swift */; };
		08415CF42B3DBCB600764CD6 /* Playbar.swift in Sources */ = {isa = PBXBuildFile; fileRef = 08415CF32B3DBCB600764CD6 /* Playbar.swift */; };
		08415CF62B3DBCD500764CD6 /* PlaybarSongPreview.swift in Sources */ = {isa = PBXBuildFile; fileRef = 08415CF52B3DBCD500764CD6 /* PlaybarSongPreview.swift */; };
		08415CF82B3DBE5E00764CD6 /* PlaybarSongControls.swift in Sources */ = {isa = PBXBuildFile; fileRef = 08415CF72B3DBE5E00764CD6 /* PlaybarSongControls.swift */; };
		08415CFB2B3DC1FA00764CD6 /* Slider.swift in Sources */ = {isa = PBXBuildFile; fileRef = 08415CFA2B3DC1FA00764CD6 /* Slider.swift */; };
		08415CFD2B3DD03A00764CD6 /* View + Size.swift in Sources */ = {isa = PBXBuildFile; fileRef = 08415CFC2B3DD03A00764CD6 /* View + Size.swift */; };
		08415CFF2B3DF25700764CD6 /* SliderDimension.swift in Sources */ = {isa = PBXBuildFile; fileRef = 08415CFE2B3DF25700764CD6 /* SliderDimension.swift */; };
		08415D012B3DF65C00764CD6 /* PlaybarVolumeControls.swift in Sources */ = {isa = PBXBuildFile; fileRef = 08415D002B3DF65C00764CD6 /* PlaybarVolumeControls.swift */; };
		08415D072B3E00B300764CD6 /* View + IfCondition.swift in Sources */ = {isa = PBXBuildFile; fileRef = 08415D062B3E00B300764CD6 /* View + IfCondition.swift */; };
		08415D0A2B3F550A00764CD6 /* View + Tappable.swift in Sources */ = {isa = PBXBuildFile; fileRef = 08415D092B3F550A00764CD6 /* View + Tappable.swift */; };
		08415D0C2B3F5D4700764CD6 /* Color + Palette.swift in Sources */ = {isa = PBXBuildFile; fileRef = 08415D0B2B3F5D4700764CD6 /* Color + Palette.swift */; };
		08415D142B40BA6600764CD6 /* QueueBar.swift in Sources */ = {isa = PBXBuildFile; fileRef = 08415D132B40BA6600764CD6 /* QueueBar.swift */; };
		08B77F452B20F9D2004B6D8D /* muplApp.swift in Sources */ = {isa = PBXBuildFile; fileRef = 08B77F442B20F9D2004B6D8D /* muplApp.swift */; };
		08B77F472B20F9D3004B6D8D /* ContentView.swift in Sources */ = {isa = PBXBuildFile; fileRef = 08B77F462B20F9D3004B6D8D /* ContentView.swift */; };
		08B77F492B20F9D3004B6D8D /* Assets.xcassets in Resources */ = {isa = PBXBuildFile; fileRef = 08B77F482B20F9D3004B6D8D /* Assets.xcassets */; };
		08B77F4C2B20F9D3004B6D8D /* Preview Assets.xcassets in Resources */ = {isa = PBXBuildFile; fileRef = 08B77F4B2B20F9D3004B6D8D /* Preview Assets.xcassets */; };
		08F4230E2B45AC10005158F2 /* Network.swift in Sources */ = {isa = PBXBuildFile; fileRef = 08F4230D2B45AC10005158F2 /* Network.swift */; };
		08F423122B45AC60005158F2 /* Endpoint.swift in Sources */ = {isa = PBXBuildFile; fileRef = 08F423112B45AC60005158F2 /* Endpoint.swift */; };
		08F423152B45AC85005158F2 /* Encodable.swift in Sources */ = {isa = PBXBuildFile; fileRef = 08F423142B45AC85005158F2 /* Encodable.swift */; };
		08F423192B45ACC4005158F2 /* AppError.swift in Sources */ = {isa = PBXBuildFile; fileRef = 08F423182B45ACC4005158F2 /* AppError.swift */; };
		08F4231B2B45AD0E005158F2 /* NetworkError.swift in Sources */ = {isa = PBXBuildFile; fileRef = 08F4231A2B45AD0E005158F2 /* NetworkError.swift */; };
		08F4231D2B45B27B005158F2 /* Data.swift in Sources */ = {isa = PBXBuildFile; fileRef = 08F4231C2B45B27B005158F2 /* Data.swift */; };
		08F4231F2B45B5A0005158F2 /* NetworkSession.swift in Sources */ = {isa = PBXBuildFile; fileRef = 08F4231E2B45B5A0005158F2 /* NetworkSession.swift */; };
		08F423212B45B76B005158F2 /* NetworkData.swift in Sources */ = {isa = PBXBuildFile; fileRef = 08F423202B45B76B005158F2 /* NetworkData.swift */; };
		08F423242B45B8A9005158F2 /* DefaultNetworkSession.swift in Sources */ = {isa = PBXBuildFile; fileRef = 08F423232B45B8A9005158F2 /* DefaultNetworkSession.swift */; };
		08F4232B2B45CCE7005158F2 /* MockedNetworkSession.swift in Sources */ = {isa = PBXBuildFile; fileRef = 08F4232A2B45CCE7005158F2 /* MockedNetworkSession.swift */; };
		08F423302B45D2DB005158F2 /* network-mock-example-object.json in Resources */ = {isa = PBXBuildFile; fileRef = 08F4232F2B45D2DB005158F2 /* network-mock-example-object.json */; };
		08F423322B45D3A6005158F2 /* NetworkMockExample.swift in Sources */ = {isa = PBXBuildFile; fileRef = 08F423312B45D3A6005158F2 /* NetworkMockExample.swift */; };
		08F423342B45D885005158F2 /* network-mock-example-list.json in Resources */ = {isa = PBXBuildFile; fileRef = 08F423332B45D885005158F2 /* network-mock-example-list.json */; };
		08F423362B45EC2C005158F2 /* NetworkUploadPayload.swift in Sources */ = {isa = PBXBuildFile; fileRef = 08F423352B45EC2C005158F2 /* NetworkUploadPayload.swift */; };
		08F423382B45EC64005158F2 /* NetworkHTTPMethod.swift in Sources */ = {isa = PBXBuildFile; fileRef = 08F423372B45EC64005158F2 /* NetworkHTTPMethod.swift */; };
		08F4233A2B45ECAD005158F2 /* NetworkMIMEType.swift in Sources */ = {isa = PBXBuildFile; fileRef = 08F423392B45ECAD005158F2 /* NetworkMIMEType.swift */; };
/* End PBXBuildFile section */

/* Begin PBXFileReference section */
		08415CCB2B321B4100764CD6 /* Sidebar.swift */ = {isa = PBXFileReference; lastKnownFileType = sourcecode.swift; path = Sidebar.swift; sourceTree = "<group>"; };
		08415CCF2B321C9800764CD6 /* CGFloat + LayoutSize.swift */ = {isa = PBXFileReference; lastKnownFileType = sourcecode.swift; path = "CGFloat + LayoutSize.swift"; sourceTree = "<group>"; };
		08415CD32B32225600764CD6 /* SidebarItem.swift */ = {isa = PBXFileReference; lastKnownFileType = sourcecode.swift; path = SidebarItem.swift; sourceTree = "<group>"; };
		08415CD62B32267F00764CD6 /* View + Border.swift */ = {isa = PBXFileReference; lastKnownFileType = sourcecode.swift; path = "View + Border.swift"; sourceTree = "<group>"; };
		08415CDB2B3C901B00764CD6 /* HomeView.swift */ = {isa = PBXFileReference; lastKnownFileType = sourcecode.swift; path = HomeView.swift; sourceTree = "<group>"; };
		08415CE12B3C973F00764CD6 /* SidebarSection.swift */ = {isa = PBXFileReference; lastKnownFileType = sourcecode.swift; path = SidebarSection.swift; sourceTree = "<group>"; };
		08415CE52B3CC07000764CD6 /* SearchView.swift */ = {isa = PBXFileReference; lastKnownFileType = sourcecode.swift; path = SearchView.swift; sourceTree = "<group>"; };
		08415CE92B3CC09900764CD6 /* LibraryView.swift */ = {isa = PBXFileReference; lastKnownFileType = sourcecode.swift; path = LibraryView.swift; sourceTree = "<group>"; };
		08415CF32B3DBCB600764CD6 /* Playbar.swift */ = {isa = PBXFileReference; lastKnownFileType = sourcecode.swift; path = Playbar.swift; sourceTree = "<group>"; };
		08415CF52B3DBCD500764CD6 /* PlaybarSongPreview.swift */ = {isa = PBXFileReference; lastKnownFileType = sourcecode.swift; path = PlaybarSongPreview.swift; sourceTree = "<group>"; };
		08415CF72B3DBE5E00764CD6 /* PlaybarSongControls.swift */ = {isa = PBXFileReference; lastKnownFileType = sourcecode.swift; path = PlaybarSongControls.swift; sourceTree = "<group>"; };
		08415CFA2B3DC1FA00764CD6 /* Slider.swift */ = {isa = PBXFileReference; lastKnownFileType = sourcecode.swift; path = Slider.swift; sourceTree = "<group>"; };
		08415CFC2B3DD03A00764CD6 /* View + Size.swift */ = {isa = PBXFileReference; lastKnownFileType = sourcecode.swift; path = "View + Size.swift"; sourceTree = "<group>"; };
		08415CFE2B3DF25700764CD6 /* SliderDimension.swift */ = {isa = PBXFileReference; lastKnownFileType = sourcecode.swift; path = SliderDimension.swift; sourceTree = "<group>"; };
		08415D002B3DF65C00764CD6 /* PlaybarVolumeControls.swift */ = {isa = PBXFileReference; lastKnownFileType = sourcecode.swift; path = PlaybarVolumeControls.swift; sourceTree = "<group>"; };
		08415D062B3E00B300764CD6 /* View + IfCondition.swift */ = {isa = PBXFileReference; lastKnownFileType = sourcecode.swift; path = "View + IfCondition.swift"; sourceTree = "<group>"; };
		08415D092B3F550A00764CD6 /* View + Tappable.swift */ = {isa = PBXFileReference; lastKnownFileType = sourcecode.swift; path = "View + Tappable.swift"; sourceTree = "<group>"; };
		08415D0B2B3F5D4700764CD6 /* Color + Palette.swift */ = {isa = PBXFileReference; lastKnownFileType = sourcecode.swift; path = "Color + Palette.swift"; sourceTree = "<group>"; };
		08415D132B40BA6600764CD6 /* QueueBar.swift */ = {isa = PBXFileReference; lastKnownFileType = sourcecode.swift; path = QueueBar.swift; sourceTree = "<group>"; };
		08B77F412B20F9D2004B6D8D /* mupl.app */ = {isa = PBXFileReference; explicitFileType = wrapper.application; includeInIndex = 0; path = mupl.app; sourceTree = BUILT_PRODUCTS_DIR; };
		08B77F442B20F9D2004B6D8D /* muplApp.swift */ = {isa = PBXFileReference; lastKnownFileType = sourcecode.swift; path = muplApp.swift; sourceTree = "<group>"; };
		08B77F462B20F9D3004B6D8D /* ContentView.swift */ = {isa = PBXFileReference; lastKnownFileType = sourcecode.swift; path = ContentView.swift; sourceTree = "<group>"; };
		08B77F482B20F9D3004B6D8D /* Assets.xcassets */ = {isa = PBXFileReference; lastKnownFileType = folder.assetcatalog; path = Assets.xcassets; sourceTree = "<group>"; };
		08B77F4B2B20F9D3004B6D8D /* Preview Assets.xcassets */ = {isa = PBXFileReference; lastKnownFileType = folder.assetcatalog; path = "Preview Assets.xcassets"; sourceTree = "<group>"; };
		08B77F4D2B20F9D3004B6D8D /* mupl.entitlements */ = {isa = PBXFileReference; lastKnownFileType = text.plist.entitlements; path = mupl.entitlements; sourceTree = "<group>"; };
		08F4230D2B45AC10005158F2 /* Network.swift */ = {isa = PBXFileReference; lastKnownFileType = sourcecode.swift; path = Network.swift; sourceTree = "<group>"; };
		08F423112B45AC60005158F2 /* Endpoint.swift */ = {isa = PBXFileReference; lastKnownFileType = sourcecode.swift; path = Endpoint.swift; sourceTree = "<group>"; };
		08F423142B45AC85005158F2 /* Encodable.swift */ = {isa = PBXFileReference; lastKnownFileType = sourcecode.swift; path = Encodable.swift; sourceTree = "<group>"; };
		08F423182B45ACC4005158F2 /* AppError.swift */ = {isa = PBXFileReference; lastKnownFileType = sourcecode.swift; path = AppError.swift; sourceTree = "<group>"; };
		08F4231A2B45AD0E005158F2 /* NetworkError.swift */ = {isa = PBXFileReference; lastKnownFileType = sourcecode.swift; path = NetworkError.swift; sourceTree = "<group>"; };
		08F4231C2B45B27B005158F2 /* Data.swift */ = {isa = PBXFileReference; lastKnownFileType = sourcecode.swift; path = Data.swift; sourceTree = "<group>"; };
		08F4231E2B45B5A0005158F2 /* NetworkSession.swift */ = {isa = PBXFileReference; lastKnownFileType = sourcecode.swift; path = NetworkSession.swift; sourceTree = "<group>"; };
		08F423202B45B76B005158F2 /* NetworkData.swift */ = {isa = PBXFileReference; lastKnownFileType = sourcecode.swift; path = NetworkData.swift; sourceTree = "<group>"; };
		08F423232B45B8A9005158F2 /* DefaultNetworkSession.swift */ = {isa = PBXFileReference; lastKnownFileType = sourcecode.swift; path = DefaultNetworkSession.swift; sourceTree = "<group>"; };
		08F4232A2B45CCE7005158F2 /* MockedNetworkSession.swift */ = {isa = PBXFileReference; lastKnownFileType = sourcecode.swift; path = MockedNetworkSession.swift; sourceTree = "<group>"; };
		08F4232F2B45D2DB005158F2 /* network-mock-example-object.json */ = {isa = PBXFileReference; lastKnownFileType = text.json; path = "network-mock-example-object.json"; sourceTree = "<group>"; };
		08F423312B45D3A6005158F2 /* NetworkMockExample.swift */ = {isa = PBXFileReference; lastKnownFileType = sourcecode.swift; path = NetworkMockExample.swift; sourceTree = "<group>"; };
		08F423332B45D885005158F2 /* network-mock-example-list.json */ = {isa = PBXFileReference; lastKnownFileType = text.json; path = "network-mock-example-list.json"; sourceTree = "<group>"; };
		08F423352B45EC2C005158F2 /* NetworkUploadPayload.swift */ = {isa = PBXFileReference; lastKnownFileType = sourcecode.swift; path = NetworkUploadPayload.swift; sourceTree = "<group>"; };
		08F423372B45EC64005158F2 /* NetworkHTTPMethod.swift */ = {isa = PBXFileReference; lastKnownFileType = sourcecode.swift; path = NetworkHTTPMethod.swift; sourceTree = "<group>"; };
		08F423392B45ECAD005158F2 /* NetworkMIMEType.swift */ = {isa = PBXFileReference; lastKnownFileType = sourcecode.swift; path = NetworkMIMEType.swift; sourceTree = "<group>"; };
/* End PBXFileReference section */

/* Begin PBXFrameworksBuildPhase section */
		08B77F3E2B20F9D2004B6D8D /* Frameworks */ = {
			isa = PBXFrameworksBuildPhase;
			buildActionMask = 2147483647;
			files = (
			);
			runOnlyForDeploymentPostprocessing = 0;
		};
/* End PBXFrameworksBuildPhase section */

/* Begin PBXGroup section */
		08415CC62B321B1E00764CD6 /* Supporting Files */ = {
			isa = PBXGroup;
			children = (
				08415CEB2B3CC12400764CD6 /* App */,
				08415CEC2B3CC13800764CD6 /* Resources */,
			);
			path = "Supporting Files";
			sourceTree = "<group>";
		};
		08415CC72B321B2700764CD6 /* Modules */ = {
			isa = PBXGroup;
			children = (
				08415CDA2B3C901500764CD6 /* Home */,
				08415CE32B3CC06400764CD6 /* Search */,
				08415CE72B3CC08200764CD6 /* Library */,
			);
			path = Modules;
			sourceTree = "<group>";
		};
		08415CC82B321B3000764CD6 /* Common */ = {
			isa = PBXGroup;
			children = (
				08F423162B45AC9E005158F2 /* Models */,
				08415CCD2B321C3800764CD6 /* Extensions */,
				08415CC92B321B3400764CD6 /* Components */,
			);
			path = Common;
			sourceTree = "<group>";
		};
		08415CC92B321B3400764CD6 /* Components */ = {
			isa = PBXGroup;
			children = (
				08415D112B40BA5700764CD6 /* QueueBar */,
				08415CF92B3DC1F400764CD6 /* Slider */,
				08415CF22B3DBCAE00764CD6 /* Playbar */,
				08415CCA2B321B3A00764CD6 /* Sidebar */,
			);
			path = Components;
			sourceTree = "<group>";
		};
		08415CCA2B321B3A00764CD6 /* Sidebar */ = {
			isa = PBXGroup;
			children = (
				08415CCB2B321B4100764CD6 /* Sidebar.swift */,
				08415CD32B32225600764CD6 /* SidebarItem.swift */,
				08415CE12B3C973F00764CD6 /* SidebarSection.swift */,
			);
			path = Sidebar;
			sourceTree = "<group>";
		};
		08415CCD2B321C3800764CD6 /* Extensions */ = {
			isa = PBXGroup;
			children = (
				08415CD52B32266800764CD6 /* UI */,
				08F423132B45AC6B005158F2 /* Foundation */,
				08415CCE2B321C4300764CD6 /* Constants */,
			);
			path = Extensions;
			sourceTree = "<group>";
		};
		08415CCE2B321C4300764CD6 /* Constants */ = {
			isa = PBXGroup;
			children = (
				08415CCF2B321C9800764CD6 /* CGFloat + LayoutSize.swift */,
				08415D0B2B3F5D4700764CD6 /* Color + Palette.swift */,
			);
			path = Constants;
			sourceTree = "<group>";
		};
		08415CD52B32266800764CD6 /* UI */ = {
			isa = PBXGroup;
			children = (
				08415CD62B32267F00764CD6 /* View + Border.swift */,
				08415CFC2B3DD03A00764CD6 /* View + Size.swift */,
				08415D062B3E00B300764CD6 /* View + IfCondition.swift */,
				08415D092B3F550A00764CD6 /* View + Tappable.swift */,
			);
			path = UI;
			sourceTree = "<group>";
		};
		08415CDA2B3C901500764CD6 /* Home */ = {
			isa = PBXGroup;
			children = (
				08415CDD2B3C90B700764CD6 /* View */,
			);
			path = Home;
			sourceTree = "<group>";
		};
		08415CDD2B3C90B700764CD6 /* View */ = {
			isa = PBXGroup;
			children = (
				08415CDB2B3C901B00764CD6 /* HomeView.swift */,
			);
			path = View;
			sourceTree = "<group>";
		};
		08415CE32B3CC06400764CD6 /* Search */ = {
			isa = PBXGroup;
			children = (
				08415CE42B3CC06A00764CD6 /* View */,
			);
			path = Search;
			sourceTree = "<group>";
		};
		08415CE42B3CC06A00764CD6 /* View */ = {
			isa = PBXGroup;
			children = (
				08415CE52B3CC07000764CD6 /* SearchView.swift */,
			);
			path = View;
			sourceTree = "<group>";
		};
		08415CE72B3CC08200764CD6 /* Library */ = {
			isa = PBXGroup;
			children = (
				08415CE82B3CC09200764CD6 /* View */,
			);
			path = Library;
			sourceTree = "<group>";
		};
		08415CE82B3CC09200764CD6 /* View */ = {
			isa = PBXGroup;
			children = (
				08415CE92B3CC09900764CD6 /* LibraryView.swift */,
			);
			path = View;
			sourceTree = "<group>";
		};
		08415CEB2B3CC12400764CD6 /* App */ = {
			isa = PBXGroup;
			children = (
				08B77F442B20F9D2004B6D8D /* muplApp.swift */,
				08B77F462B20F9D3004B6D8D /* ContentView.swift */,
			);
			path = App;
			sourceTree = "<group>";
		};
		08415CEC2B3CC13800764CD6 /* Resources */ = {
			isa = PBXGroup;
			children = (
				08B77F482B20F9D3004B6D8D /* Assets.xcassets */,
				08B77F4D2B20F9D3004B6D8D /* mupl.entitlements */,
				08F4232C2B45D29F005158F2 /* Mocks */,
				08B77F4A2B20F9D3004B6D8D /* Preview Content */,
			);
			path = Resources;
			sourceTree = "<group>";
		};
		08415CF22B3DBCAE00764CD6 /* Playbar */ = {
			isa = PBXGroup;
			children = (
				08415CF32B3DBCB600764CD6 /* Playbar.swift */,
				08415CF52B3DBCD500764CD6 /* PlaybarSongPreview.swift */,
				08415CF72B3DBE5E00764CD6 /* PlaybarSongControls.swift */,
				08415D002B3DF65C00764CD6 /* PlaybarVolumeControls.swift */,
			);
			path = Playbar;
			sourceTree = "<group>";
		};
		08415CF92B3DC1F400764CD6 /* Slider */ = {
			isa = PBXGroup;
			children = (
				08415CFA2B3DC1FA00764CD6 /* Slider.swift */,
				08415CFE2B3DF25700764CD6 /* SliderDimension.swift */,
			);
			path = Slider;
			sourceTree = "<group>";
		};
		08415D112B40BA5700764CD6 /* QueueBar */ = {
			isa = PBXGroup;
			children = (
				08415D132B40BA6600764CD6 /* QueueBar.swift */,
			);
			path = QueueBar;
			sourceTree = "<group>";
		};
		08B77F382B20F9D2004B6D8D = {
			isa = PBXGroup;
			children = (
				08B77F432B20F9D2004B6D8D /* mupl */,
				08B77F422B20F9D2004B6D8D /* Products */,
			);
			sourceTree = "<group>";
		};
		08B77F422B20F9D2004B6D8D /* Products */ = {
			isa = PBXGroup;
			children = (
				08B77F412B20F9D2004B6D8D /* mupl.app */,
			);
			name = Products;
			sourceTree = "<group>";
		};
		08B77F432B20F9D2004B6D8D /* mupl */ = {
			isa = PBXGroup;
			children = (
				08415CC82B321B3000764CD6 /* Common */,
				08415CC72B321B2700764CD6 /* Modules */,
				08415CC62B321B1E00764CD6 /* Supporting Files */,
			);
			path = mupl;
			sourceTree = "<group>";
		};
		08B77F4A2B20F9D3004B6D8D /* Preview Content */ = {
			isa = PBXGroup;
			children = (
				08B77F4B2B20F9D3004B6D8D /* Preview Assets.xcassets */,
			);
			path = "Preview Content";
			sourceTree = "<group>";
		};
		08F4230C2B45AC09005158F2 /* Network */ = {
			isa = PBXGroup;
			children = (
				08F423262B45BAFC005158F2 /* Base */,
				08F423252B45BAF2005158F2 /* Models */,
				08F423222B45B89C005158F2 /* Session */,
			);
			path = Network;
			sourceTree = "<group>";
		};
		08F423132B45AC6B005158F2 /* Foundation */ = {
			isa = PBXGroup;
			children = (
				08F4231C2B45B27B005158F2 /* Data.swift */,
				08F423142B45AC85005158F2 /* Encodable.swift */,
			);
			path = Foundation;
			sourceTree = "<group>";
		};
		08F423162B45AC9E005158F2 /* Models */ = {
			isa = PBXGroup;
			children = (
				08F4230C2B45AC09005158F2 /* Network */,
				08F423172B45ACA4005158F2 /* AppError */,
			);
			path = Models;
			sourceTree = "<group>";
		};
		08F423172B45ACA4005158F2 /* AppError */ = {
			isa = PBXGroup;
			children = (
				08F423182B45ACC4005158F2 /* AppError.swift */,
			);
			path = AppError;
			sourceTree = "<group>";
		};
		08F423222B45B89C005158F2 /* Session */ = {
			isa = PBXGroup;
			children = (
				08F4231E2B45B5A0005158F2 /* NetworkSession.swift */,
				08F423232B45B8A9005158F2 /* DefaultNetworkSession.swift */,
				08F4232A2B45CCE7005158F2 /* MockedNetworkSession.swift */,
			);
			path = Session;
			sourceTree = "<group>";
		};
		08F423252B45BAF2005158F2 /* Models */ = {
			isa = PBXGroup;
			children = (
				08F4231A2B45AD0E005158F2 /* NetworkError.swift */,
				08F423202B45B76B005158F2 /* NetworkData.swift */,
				08F423352B45EC2C005158F2 /* NetworkUploadPayload.swift */,
				08F423372B45EC64005158F2 /* NetworkHTTPMethod.swift */,
				08F423392B45ECAD005158F2 /* NetworkMIMEType.swift */,
			);
			path = Models;
			sourceTree = "<group>";
		};
		08F423262B45BAFC005158F2 /* Base */ = {
			isa = PBXGroup;
			children = (
				08F423112B45AC60005158F2 /* Endpoint.swift */,
				08F4230D2B45AC10005158F2 /* Network.swift */,
			);
			path = Base;
			sourceTree = "<group>";
		};
		08F4232C2B45D29F005158F2 /* Mocks */ = {
			isa = PBXGroup;
			children = (
				08F4232E2B45D2BC005158F2 /* Network */,
			);
			path = Mocks;
			sourceTree = "<group>";
		};
		08F4232D2B45D2A6005158F2 /* Example */ = {
			isa = PBXGroup;
			children = (
				08F4232F2B45D2DB005158F2 /* network-mock-example-object.json */,
				08F423332B45D885005158F2 /* network-mock-example-list.json */,
				08F423312B45D3A6005158F2 /* NetworkMockExample.swift */,
			);
			path = Example;
			sourceTree = "<group>";
		};
		08F4232E2B45D2BC005158F2 /* Network */ = {
			isa = PBXGroup;
			children = (
				08F4232D2B45D2A6005158F2 /* Example */,
			);
			path = Network;
			sourceTree = "<group>";
		};
/* End PBXGroup section */

/* Begin PBXNativeTarget section */
		08B77F402B20F9D2004B6D8D /* mupl */ = {
			isa = PBXNativeTarget;
			buildConfigurationList = 08B77F502B20F9D3004B6D8D /* Build configuration list for PBXNativeTarget "mupl" */;
			buildPhases = (
				08B77F3D2B20F9D2004B6D8D /* Sources */,
				08B77F3E2B20F9D2004B6D8D /* Frameworks */,
				08B77F3F2B20F9D2004B6D8D /* Resources */,
			);
			buildRules = (
			);
			dependencies = (
			);
			name = mupl;
			productName = mupl;
			productReference = 08B77F412B20F9D2004B6D8D /* mupl.app */;
			productType = "com.apple.product-type.application";
		};
/* End PBXNativeTarget section */

/* Begin PBXProject section */
		08B77F392B20F9D2004B6D8D /* Project object */ = {
			isa = PBXProject;
			attributes = {
				BuildIndependentTargetsInParallel = 1;
				LastSwiftUpdateCheck = 1500;
				LastUpgradeCheck = 1500;
				TargetAttributes = {
					08B77F402B20F9D2004B6D8D = {
						CreatedOnToolsVersion = 15.0.1;
					};
				};
			};
			buildConfigurationList = 08B77F3C2B20F9D2004B6D8D /* Build configuration list for PBXProject "mupl" */;
			compatibilityVersion = "Xcode 14.0";
			developmentRegion = en;
			hasScannedForEncodings = 0;
			knownRegions = (
				en,
				Base,
			);
			mainGroup = 08B77F382B20F9D2004B6D8D;
			productRefGroup = 08B77F422B20F9D2004B6D8D /* Products */;
			projectDirPath = "";
			projectRoot = "";
			targets = (
				08B77F402B20F9D2004B6D8D /* mupl */,
			);
		};
/* End PBXProject section */

/* Begin PBXResourcesBuildPhase section */
		08B77F3F2B20F9D2004B6D8D /* Resources */ = {
			isa = PBXResourcesBuildPhase;
			buildActionMask = 2147483647;
			files = (
				08B77F4C2B20F9D3004B6D8D /* Preview Assets.xcassets in Resources */,
				08F423342B45D885005158F2 /* network-mock-example-list.json in Resources */,
				08B77F492B20F9D3004B6D8D /* Assets.xcassets in Resources */,
				08F423302B45D2DB005158F2 /* network-mock-example-object.json in Resources */,
			);
			runOnlyForDeploymentPostprocessing = 0;
		};
/* End PBXResourcesBuildPhase section */

/* Begin PBXSourcesBuildPhase section */
		08B77F3D2B20F9D2004B6D8D /* Sources */ = {
			isa = PBXSourcesBuildPhase;
			buildActionMask = 2147483647;
			files = (
				08415CF82B3DBE5E00764CD6 /* PlaybarSongControls.swift in Sources */,
				08B77F472B20F9D3004B6D8D /* ContentView.swift in Sources */,
				08415CE62B3CC07000764CD6 /* SearchView.swift in Sources */,
				08F423242B45B8A9005158F2 /* DefaultNetworkSession.swift in Sources */,
				08415D0A2B3F550A00764CD6 /* View + Tappable.swift in Sources */,
				08415CE22B3C973F00764CD6 /* SidebarSection.swift in Sources */,
				08415D072B3E00B300764CD6 /* View + IfCondition.swift in Sources */,
				08415CD02B321C9800764CD6 /* CGFloat + LayoutSize.swift in Sources */,
				08415CD42B32225600764CD6 /* SidebarItem.swift in Sources */,
				08415D0C2B3F5D4700764CD6 /* Color + Palette.swift in Sources */,
				08F4233A2B45ECAD005158F2 /* NetworkMIMEType.swift in Sources */,
				08F4231D2B45B27B005158F2 /* Data.swift in Sources */,
				08415CFB2B3DC1FA00764CD6 /* Slider.swift in Sources */,
				08F423382B45EC64005158F2 /* NetworkHTTPMethod.swift in Sources */,
				08415D012B3DF65C00764CD6 /* PlaybarVolumeControls.swift in Sources */,
				08F423152B45AC85005158F2 /* Encodable.swift in Sources */,
				08F423212B45B76B005158F2 /* NetworkData.swift in Sources */,
				08415CCC2B321B4100764CD6 /* Sidebar.swift in Sources */,
				08415CDC2B3C901B00764CD6 /* HomeView.swift in Sources */,
				08415CFF2B3DF25700764CD6 /* SliderDimension.swift in Sources */,
				08415D142B40BA6600764CD6 /* QueueBar.swift in Sources */,
				08F423322B45D3A6005158F2 /* NetworkMockExample.swift in Sources */,
				08415CF62B3DBCD500764CD6 /* PlaybarSongPreview.swift in Sources */,
				08F423192B45ACC4005158F2 /* AppError.swift in Sources */,
				08F4232B2B45CCE7005158F2 /* MockedNetworkSession.swift in Sources */,
				08F4230E2B45AC10005158F2 /* Network.swift in Sources */,
				08F423122B45AC60005158F2 /* Endpoint.swift in Sources */,
				08F4231F2B45B5A0005158F2 /* NetworkSession.swift in Sources */,
				08B77F452B20F9D2004B6D8D /* muplApp.swift in Sources */,
				08415CF42B3DBCB600764CD6 /* Playbar.swift in Sources */,
				08F423362B45EC2C005158F2 /* NetworkUploadPayload.swift in Sources */,
				08415CEA2B3CC09900764CD6 /* LibraryView.swift in Sources */,
				08F4231B2B45AD0E005158F2 /* NetworkError.swift in Sources */,
				08415CFD2B3DD03A00764CD6 /* View + Size.swift in Sources */,
				08415CD72B32267F00764CD6 /* View + Border.swift in Sources */,
			);
			runOnlyForDeploymentPostprocessing = 0;
		};
/* End PBXSourcesBuildPhase section */

/* Begin XCBuildConfiguration section */
		08B77F4E2B20F9D3004B6D8D /* Debug */ = {
			isa = XCBuildConfiguration;
			buildSettings = {
				ALWAYS_SEARCH_USER_PATHS = NO;
				ASSETCATALOG_COMPILER_GENERATE_SWIFT_ASSET_SYMBOL_EXTENSIONS = YES;
				CLANG_ANALYZER_NONNULL = YES;
				CLANG_ANALYZER_NUMBER_OBJECT_CONVERSION = YES_AGGRESSIVE;
				CLANG_CXX_LANGUAGE_STANDARD = "gnu++20";
				CLANG_ENABLE_MODULES = YES;
				CLANG_ENABLE_OBJC_ARC = YES;
				CLANG_ENABLE_OBJC_WEAK = YES;
				CLANG_WARN_BLOCK_CAPTURE_AUTORELEASING = YES;
				CLANG_WARN_BOOL_CONVERSION = YES;
				CLANG_WARN_COMMA = YES;
				CLANG_WARN_CONSTANT_CONVERSION = YES;
				CLANG_WARN_DEPRECATED_OBJC_IMPLEMENTATIONS = YES;
				CLANG_WARN_DIRECT_OBJC_ISA_USAGE = YES_ERROR;
				CLANG_WARN_DOCUMENTATION_COMMENTS = YES;
				CLANG_WARN_EMPTY_BODY = YES;
				CLANG_WARN_ENUM_CONVERSION = YES;
				CLANG_WARN_INFINITE_RECURSION = YES;
				CLANG_WARN_INT_CONVERSION = YES;
				CLANG_WARN_NON_LITERAL_NULL_CONVERSION = YES;
				CLANG_WARN_OBJC_IMPLICIT_RETAIN_SELF = YES;
				CLANG_WARN_OBJC_LITERAL_CONVERSION = YES;
				CLANG_WARN_OBJC_ROOT_CLASS = YES_ERROR;
				CLANG_WARN_QUOTED_INCLUDE_IN_FRAMEWORK_HEADER = YES;
				CLANG_WARN_RANGE_LOOP_ANALYSIS = YES;
				CLANG_WARN_STRICT_PROTOTYPES = YES;
				CLANG_WARN_SUSPICIOUS_MOVE = YES;
				CLANG_WARN_UNGUARDED_AVAILABILITY = YES_AGGRESSIVE;
				CLANG_WARN_UNREACHABLE_CODE = YES;
				CLANG_WARN__DUPLICATE_METHOD_MATCH = YES;
				COPY_PHASE_STRIP = NO;
				DEBUG_INFORMATION_FORMAT = dwarf;
				ENABLE_STRICT_OBJC_MSGSEND = YES;
				ENABLE_TESTABILITY = YES;
				ENABLE_USER_SCRIPT_SANDBOXING = YES;
				GCC_C_LANGUAGE_STANDARD = gnu17;
				GCC_DYNAMIC_NO_PIC = NO;
				GCC_NO_COMMON_BLOCKS = YES;
				GCC_OPTIMIZATION_LEVEL = 0;
				GCC_PREPROCESSOR_DEFINITIONS = (
					"DEBUG=1",
					"$(inherited)",
				);
				GCC_WARN_64_TO_32_BIT_CONVERSION = YES;
				GCC_WARN_ABOUT_RETURN_TYPE = YES_ERROR;
				GCC_WARN_UNDECLARED_SELECTOR = YES;
				GCC_WARN_UNINITIALIZED_AUTOS = YES_AGGRESSIVE;
				GCC_WARN_UNUSED_FUNCTION = YES;
				GCC_WARN_UNUSED_VARIABLE = YES;
				LOCALIZATION_PREFERS_STRING_CATALOGS = YES;
				MACOSX_DEPLOYMENT_TARGET = 14.0;
				MTL_ENABLE_DEBUG_INFO = INCLUDE_SOURCE;
				MTL_FAST_MATH = YES;
				ONLY_ACTIVE_ARCH = YES;
				SDKROOT = macosx;
				SWIFT_ACTIVE_COMPILATION_CONDITIONS = "DEBUG $(inherited)";
				SWIFT_OPTIMIZATION_LEVEL = "-Onone";
			};
			name = Debug;
		};
		08B77F4F2B20F9D3004B6D8D /* Release */ = {
			isa = XCBuildConfiguration;
			buildSettings = {
				ALWAYS_SEARCH_USER_PATHS = NO;
				ASSETCATALOG_COMPILER_GENERATE_SWIFT_ASSET_SYMBOL_EXTENSIONS = YES;
				CLANG_ANALYZER_NONNULL = YES;
				CLANG_ANALYZER_NUMBER_OBJECT_CONVERSION = YES_AGGRESSIVE;
				CLANG_CXX_LANGUAGE_STANDARD = "gnu++20";
				CLANG_ENABLE_MODULES = YES;
				CLANG_ENABLE_OBJC_ARC = YES;
				CLANG_ENABLE_OBJC_WEAK = YES;
				CLANG_WARN_BLOCK_CAPTURE_AUTORELEASING = YES;
				CLANG_WARN_BOOL_CONVERSION = YES;
				CLANG_WARN_COMMA = YES;
				CLANG_WARN_CONSTANT_CONVERSION = YES;
				CLANG_WARN_DEPRECATED_OBJC_IMPLEMENTATIONS = YES;
				CLANG_WARN_DIRECT_OBJC_ISA_USAGE = YES_ERROR;
				CLANG_WARN_DOCUMENTATION_COMMENTS = YES;
				CLANG_WARN_EMPTY_BODY = YES;
				CLANG_WARN_ENUM_CONVERSION = YES;
				CLANG_WARN_INFINITE_RECURSION = YES;
				CLANG_WARN_INT_CONVERSION = YES;
				CLANG_WARN_NON_LITERAL_NULL_CONVERSION = YES;
				CLANG_WARN_OBJC_IMPLICIT_RETAIN_SELF = YES;
				CLANG_WARN_OBJC_LITERAL_CONVERSION = YES;
				CLANG_WARN_OBJC_ROOT_CLASS = YES_ERROR;
				CLANG_WARN_QUOTED_INCLUDE_IN_FRAMEWORK_HEADER = YES;
				CLANG_WARN_RANGE_LOOP_ANALYSIS = YES;
				CLANG_WARN_STRICT_PROTOTYPES = YES;
				CLANG_WARN_SUSPICIOUS_MOVE = YES;
				CLANG_WARN_UNGUARDED_AVAILABILITY = YES_AGGRESSIVE;
				CLANG_WARN_UNREACHABLE_CODE = YES;
				CLANG_WARN__DUPLICATE_METHOD_MATCH = YES;
				COPY_PHASE_STRIP = NO;
				DEBUG_INFORMATION_FORMAT = "dwarf-with-dsym";
				ENABLE_NS_ASSERTIONS = NO;
				ENABLE_STRICT_OBJC_MSGSEND = YES;
				ENABLE_USER_SCRIPT_SANDBOXING = YES;
				GCC_C_LANGUAGE_STANDARD = gnu17;
				GCC_NO_COMMON_BLOCKS = YES;
				GCC_WARN_64_TO_32_BIT_CONVERSION = YES;
				GCC_WARN_ABOUT_RETURN_TYPE = YES_ERROR;
				GCC_WARN_UNDECLARED_SELECTOR = YES;
				GCC_WARN_UNINITIALIZED_AUTOS = YES_AGGRESSIVE;
				GCC_WARN_UNUSED_FUNCTION = YES;
				GCC_WARN_UNUSED_VARIABLE = YES;
				LOCALIZATION_PREFERS_STRING_CATALOGS = YES;
				MACOSX_DEPLOYMENT_TARGET = 14.0;
				MTL_ENABLE_DEBUG_INFO = NO;
				MTL_FAST_MATH = YES;
				SDKROOT = macosx;
				SWIFT_COMPILATION_MODE = wholemodule;
			};
			name = Release;
		};
		08B77F512B20F9D3004B6D8D /* Debug */ = {
			isa = XCBuildConfiguration;
			buildSettings = {
				ASSETCATALOG_COMPILER_APPICON_NAME = AppIcon;
				ASSETCATALOG_COMPILER_GLOBAL_ACCENT_COLOR_NAME = AccentColor;
				CODE_SIGN_ENTITLEMENTS = "mupl/Supporting Files/Resources/mupl.entitlements";
				CODE_SIGN_STYLE = Automatic;
				COMBINE_HIDPI_IMAGES = YES;
				CURRENT_PROJECT_VERSION = 1;
				DEVELOPMENT_ASSET_PATHS = "\"mupl/Supporting Files/Resources/Preview Content\"";
				DEVELOPMENT_TEAM = H72YUS24CN;
				ENABLE_HARDENED_RUNTIME = YES;
				ENABLE_PREVIEWS = YES;
				GENERATE_INFOPLIST_FILE = YES;
				INFOPLIST_KEY_LSApplicationCategoryType = "public.app-category.music";
				INFOPLIST_KEY_NSHumanReadableCopyright = "";
				LD_RUNPATH_SEARCH_PATHS = (
					"$(inherited)",
					"@executable_path/../Frameworks",
				);
				MARKETING_VERSION = 0.1;
				PRODUCT_BUNDLE_IDENTIFIER = app.mupl;
				PRODUCT_NAME = "$(TARGET_NAME)";
				SWIFT_EMIT_LOC_STRINGS = YES;
				SWIFT_VERSION = 5.0;
			};
			name = Debug;
		};
		08B77F522B20F9D3004B6D8D /* Release */ = {
			isa = XCBuildConfiguration;
			buildSettings = {
				ASSETCATALOG_COMPILER_APPICON_NAME = AppIcon;
				ASSETCATALOG_COMPILER_GLOBAL_ACCENT_COLOR_NAME = AccentColor;
				CODE_SIGN_ENTITLEMENTS = "mupl/Supporting Files/Resources/mupl.entitlements";
				CODE_SIGN_STYLE = Automatic;
				COMBINE_HIDPI_IMAGES = YES;
				CURRENT_PROJECT_VERSION = 1;
				DEVELOPMENT_ASSET_PATHS = "\"mupl/Supporting Files/Resources/Preview Content\"";
				DEVELOPMENT_TEAM = H72YUS24CN;
				ENABLE_HARDENED_RUNTIME = YES;
				ENABLE_PREVIEWS = YES;
				GENERATE_INFOPLIST_FILE = YES;
				INFOPLIST_KEY_LSApplicationCategoryType = "public.app-category.music";
				INFOPLIST_KEY_NSHumanReadableCopyright = "";
				LD_RUNPATH_SEARCH_PATHS = (
					"$(inherited)",
					"@executable_path/../Frameworks",
				);
				MARKETING_VERSION = 0.1;
				PRODUCT_BUNDLE_IDENTIFIER = app.mupl;
				PRODUCT_NAME = "$(TARGET_NAME)";
				SWIFT_EMIT_LOC_STRINGS = YES;
				SWIFT_VERSION = 5.0;
			};
			name = Release;
		};
/* End XCBuildConfiguration section */

/* Begin XCConfigurationList section */
		08B77F3C2B20F9D2004B6D8D /* Build configuration list for PBXProject "mupl" */ = {
			isa = XCConfigurationList;
			buildConfigurations = (
				08B77F4E2B20F9D3004B6D8D /* Debug */,
				08B77F4F2B20F9D3004B6D8D /* Release */,
			);
			defaultConfigurationIsVisible = 0;
			defaultConfigurationName = Release;
		};
		08B77F502B20F9D3004B6D8D /* Build configuration list for PBXNativeTarget "mupl" */ = {
			isa = XCConfigurationList;
			buildConfigurations = (
				08B77F512B20F9D3004B6D8D /* Debug */,
				08B77F522B20F9D3004B6D8D /* Release */,
			);
			defaultConfigurationIsVisible = 0;
			defaultConfigurationName = Release;
		};
/* End XCConfigurationList section */
	};
	rootObject = 08B77F392B20F9D2004B6D8D /* Project object */;
}
